
Microsoft Visual Studio Solution File, Format Version 12.00
# Visual Studio Version 16
VisualStudioVersion = 16.0.30804.86
MinimumVisualStudioVersion = 10.0.40219.1
Project("{FAE04EC0-301F-11D3-BF4B-00C04F79EFBC}") = "BlogApp", "BlogApp\BlogApp.csproj", "{57722B19-AF03-457B-A0AE-09372BA039FF}"
EndProject
Global
	GlobalSection(SolutionConfigurationPlatforms) = preSolution
		Debug|Any CPU = Debug|Any CPU
		Release|Any CPU = Release|Any CPU
	EndGlobalSection
	GlobalSection(ProjectConfigurationPlatforms) = postSolution
		{57722B19-AF03-457B-A0AE-09372BA039FF}.Debug|Any CPU.ActiveCfg = Debug|Any CPU
		{57722B19-AF03-457B-A0AE-09372BA039FF}.Debug|Any CPU.Build.0 = Debug|Any CPU
		{57722B19-AF03-457B-A0AE-09372BA039FF}.Release|Any CPU.ActiveCfg = Release|Any CPU
		{57722B19-AF03-457B-A0AE-09372BA039FF}.Release|Any CPU.Build.0 = Release|Any CPU
	EndGlobalSection
	GlobalSection(SolutionProperties) = preSolution
		HideSolutionNode = FALSE
	EndGlobalSection
	GlobalSection(ExtensibilityGlobals) = postSolution
		SolutionGuid = {479BB12B-4080-4435-9E6F-040887D20747}
	EndGlobalSection
EndGlobal
